
Microsoft Visual Studio Solution File, Format Version 12.00
# Visual Studio Version 17
VisualStudioVersion = 17.5.33502.453
MinimumVisualStudioVersion = 10.0.40219.1
Project("{FAE04EC0-301F-11D3-BF4B-00C04F79EFBC}") = "LuchoSoftV1", "LuchoSoftV1\LuchoSoftV1.csproj", "{6BA64D53-8286-45B3-B7EF-A8301894AC0F}"
EndProject
Global
	GlobalSection(SolutionConfigurationPlatforms) = preSolution
		Debug|Any CPU = Debug|Any CPU
		Release|Any CPU = Release|Any CPU
	EndGlobalSection
	GlobalSection(ProjectConfigurationPlatforms) = postSolution
		{6BA64D53-8286-45B3-B7EF-A8301894AC0F}.Debug|Any CPU.ActiveCfg = Debug|Any CPU
		{6BA64D53-8286-45B3-B7EF-A8301894AC0F}.Debug|Any CPU.Build.0 = Debug|Any CPU
		{6BA64D53-8286-45B3-B7EF-A8301894AC0F}.Release|Any CPU.ActiveCfg = Release|Any CPU
		{6BA64D53-8286-45B3-B7EF-A8301894AC0F}.Release|Any CPU.Build.0 = Release|Any CPU
	EndGlobalSection
	GlobalSection(SolutionProperties) = preSolution
		HideSolutionNode = FALSE
	EndGlobalSection
	GlobalSection(ExtensibilityGlobals) = postSolution
		SolutionGuid = {BB16C17C-6062-4D5D-BECB-B7A7432BCE7F}
	EndGlobalSection
EndGlobal
